// !$*UTF8*$!
{
	archiveVersion = 1;
	classes = {
	};
	objectVersion = 47;
	objects = {

/* Begin PBXBuildFile section */
		B8C937031C8DD29F006C1C6F /* main.m in Sources */ = {isa = PBXBuildFile; fileRef = B8C937021C8DD29F006C1C6F /* main.m */; };
		B8C937061C8DD29F006C1C6F /* AppDelegate.m in Sources */ = {isa = PBXBuildFile; fileRef = B8C937051C8DD29F006C1C6F /* AppDelegate.m */; };
		B8C937091C8DD29F006C1C6F /* ViewController.m in Sources */ = {isa = PBXBuildFile; fileRef = B8C937081C8DD29F006C1C6F /* ViewController.m */; };
		B8C9370C1C8DD29F006C1C6F /* Main.storyboard in Resources */ = {isa = PBXBuildFile; fileRef = B8C9370A1C8DD29F006C1C6F /* Main.storyboard */; };
		B8C9370E1C8DD29F006C1C6F /* Assets.xcassets in Resources */ = {isa = PBXBuildFile; fileRef = B8C9370D1C8DD29F006C1C6F /* Assets.xcassets */; };
		B8C937111C8DD29F006C1C6F /* LaunchScreen.storyboard in Resources */ = {isa = PBXBuildFile; fileRef = B8C9370F1C8DD29F006C1C6F /* LaunchScreen.storyboard */; };
		B8C9371C1C8DD29F006C1C6F /* _6_UITableView_____Tests.m in Sources */ = {isa = PBXBuildFile; fileRef = B8C9371B1C8DD29F006C1C6F /* _6_UITableView_____Tests.m */; };
		B8C937271C8DD29F006C1C6F /* _6_UITableView_____UITests.m in Sources */ = {isa = PBXBuildFile; fileRef = B8C937261C8DD29F006C1C6F /* _6_UITableView_____UITests.m */; };
		B8C937351C8DD573006C1C6F /* heroes.plist in Resources */ = {isa = PBXBuildFile; fileRef = B8C937341C8DD573006C1C6F /* heroes.plist */; };
		B8C937381C8DD58C006C1C6F /* YHPHero.m in Sources */ = {isa = PBXBuildFile; fileRef = B8C937371C8DD58C006C1C6F /* YHPHero.m */; };
/* End PBXBuildFile section */

/* Begin PBXContainerItemProxy section */
		B8C937181C8DD29F006C1C6F /* PBXContainerItemProxy */ = {
			isa = PBXContainerItemProxy;
			containerPortal = B8C936F61C8DD29F006C1C6F /* Project object */;
			proxyType = 1;
			remoteGlobalIDString = B8C936FD1C8DD29F006C1C6F;
			remoteInfo = "06-UITableView-单组数据";
		};
		B8C937231C8DD29F006C1C6F /* PBXContainerItemProxy */ = {
			isa = PBXContainerItemProxy;
			containerPortal = B8C936F61C8DD29F006C1C6F /* Project object */;
			proxyType = 1;
			remoteGlobalIDString = B8C936FD1C8DD29F006C1C6F;
			remoteInfo = "06-UITableView-单组数据";
		};
/* End PBXContainerItemProxy section */

/* Begin PBXFileReference section */
		B8C936FE1C8DD29F006C1C6F /* 06-UITableView-单组数据.app */ = {isa = PBXFileReference; explicitFileType = wrapper.application; includeInIndex = 0; path = "06-UITableView-单组数据.app"; sourceTree = BUILT_PRODUCTS_DIR; };
		B8C937021C8DD29F006C1C6F /* main.m */ = {isa = PBXFileReference; lastKnownFileType = sourcecode.c.objc; path = main.m; sourceTree = "<group>"; };
		B8C937041C8DD29F006C1C6F /* AppDelegate.h */ = {isa = PBXFileReference; lastKnownFileType = sourcecode.c.h; path = AppDelegate.h; sourceTree = "<group>"; };
		B8C937051C8DD29F006C1C6F /* AppDelegate.m */ = {isa = PBXFileReference; lastKnownFileType = sourcecode.c.objc; path = AppDelegate.m; sourceTree = "<group>"; };
		B8C937071C8DD29F006C1C6F /* ViewController.h */ = {isa = PBXFileReference; lastKnownFileType = sourcecode.c.h; path = ViewController.h; sourceTree = "<group>"; };
		B8C937081C8DD29F006C1C6F /* ViewController.m */ = {isa = PBXFileReference; lastKnownFileType = sourcecode.c.objc; path = ViewController.m; sourceTree = "<group>"; };
		B8C9370B1C8DD29F006C1C6F /* Base */ = {isa = PBXFileReference; lastKnownFileType = file.storyboard; name = Base; path = Base.lproj/Main.storyboard; sourceTree = "<group>"; };
		B8C9370D1C8DD29F006C1C6F /* Assets.xcassets */ = {isa = PBXFileReference; lastKnownFileType = folder.assetcatalog; path = Assets.xcassets; sourceTree = "<group>"; };
		B8C937101C8DD29F006C1C6F /* Base */ = {isa = PBXFileReference; lastKnownFileType = file.storyboard; name = Base; path = Base.lproj/LaunchScreen.storyboard; sourceTree = "<group>"; };
		B8C937121C8DD29F006C1C6F /* Info.plist */ = {isa = PBXFileReference; lastKnownFileType = text.plist.xml; path = Info.plist; sourceTree = "<group>"; };
		B8C937171C8DD29F006C1C6F /* 06-UITableView-单组数据Tests.xctest */ = {isa = PBXFileReference; explicitFileType = wrapper.cfbundle; includeInIndex = 0; path = "06-UITableView-单组数据Tests.xctest"; sourceTree = BUILT_PRODUCTS_DIR; };
		B8C9371B1C8DD29F006C1C6F /* _6_UITableView_____Tests.m */ = {isa = PBXFileReference; lastKnownFileType = sourcecode.c.objc; path = "_6_UITableView_____Tests.m"; sourceTree = "<group>"; };
		B8C9371D1C8DD29F006C1C6F /* Info.plist */ = {isa = PBXFileReference; lastKnownFileType = text.plist.xml; path = Info.plist; sourceTree = "<group>"; };
		B8C937221C8DD29F006C1C6F /* 06-UITableView-单组数据UITests.xctest */ = {isa = PBXFileReference; explicitFileType = wrapper.cfbundle; includeInIndex = 0; path = "06-UITableView-单组数据UITests.xctest"; sourceTree = BUILT_PRODUCTS_DIR; };
		B8C937261C8DD29F006C1C6F /* _6_UITableView_____UITests.m */ = {isa = PBXFileReference; lastKnownFileType = sourcecode.c.objc; path = "_6_UITableView_____UITests.m"; sourceTree = "<group>"; };
		B8C937281C8DD29F006C1C6F /* Info.plist */ = {isa = PBXFileReference; lastKnownFileType = text.plist.xml; path = Info.plist; sourceTree = "<group>"; };
		B8C937341C8DD573006C1C6F /* heroes.plist */ = {isa = PBXFileReference; fileEncoding = 4; lastKnownFileType = text.plist.xml; path = heroes.plist; sourceTree = "<group>"; };
		B8C937361C8DD58C006C1C6F /* YHPHero.h */ = {isa = PBXFileReference; fileEncoding = 4; lastKnownFileType = sourcecode.c.h; path = YHPHero.h; sourceTree = "<group>"; };
		B8C937371C8DD58C006C1C6F /* YHPHero.m */ = {isa = PBXFileReference; fileEncoding = 4; lastKnownFileType = sourcecode.c.objc; path = YHPHero.m; sourceTree = "<group>"; };
/* End PBXFileReference section */

/* Begin PBXFrameworksBuildPhase section */
		B8C936FB1C8DD29F006C1C6F /* Frameworks */ = {
			isa = PBXFrameworksBuildPhase;
			buildActionMask = 2147483647;
			files = (
			);
			runOnlyForDeploymentPostprocessing = 0;
		};
		B8C937141C8DD29F006C1C6F /* Frameworks */ = {
			isa = PBXFrameworksBuildPhase;
			buildActionMask = 2147483647;
			files = (
			);
			runOnlyForDeploymentPostprocessing = 0;
		};
		B8C9371F1C8DD29F006C1C6F /* Frameworks */ = {
			isa = PBXFrameworksBuildPhase;
			buildActionMask = 2147483647;
			files = (
			);
			runOnlyForDeploymentPostprocessing = 0;
		};
/* End PBXFrameworksBuildPhase section */

/* Begin PBXGroup section */
		B8C936F51C8DD29F006C1C6F = {
			isa = PBXGroup;
			children = (
				B8C937001C8DD29F006C1C6F /* 06-UITableView-单组数据 */,
				B8C9371A1C8DD29F006C1C6F /* 06-UITableView-单组数据Tests */,
				B8C937251C8DD29F006C1C6F /* 06-UITableView-单组数据UITests */,
				B8C936FF1C8DD29F006C1C6F /* Products */,
			);
			sourceTree = "<group>";
		};
		B8C936FF1C8DD29F006C1C6F /* Products */ = {
			isa = PBXGroup;
			children = (
				B8C936FE1C8DD29F006C1C6F /* 06-UITableView-单组数据.app */,
				B8C937171C8DD29F006C1C6F /* 06-UITableView-单组数据Tests.xctest */,
				B8C937221C8DD29F006C1C6F /* 06-UITableView-单组数据UITests.xctest */,
			);
			name = Products;
			sourceTree = "<group>";
		};
		B8C937001C8DD29F006C1C6F /* 06-UITableView-单组数据 */ = {
			isa = PBXGroup;
			children = (
				B8C937041C8DD29F006C1C6F /* AppDelegate.h */,
				B8C937051C8DD29F006C1C6F /* AppDelegate.m */,
				B8C937071C8DD29F006C1C6F /* ViewController.h */,
				B8C937081C8DD29F006C1C6F /* ViewController.m */,
				B8C937361C8DD58C006C1C6F /* YHPHero.h */,
				B8C937371C8DD58C006C1C6F /* YHPHero.m */,
				B8C937011C8DD29F006C1C6F /* Supporting Files */,
			);
			path = "06-UITableView-单组数据";
			sourceTree = "<group>";
		};
		B8C937011C8DD29F006C1C6F /* Supporting Files */ = {
			isa = PBXGroup;
			children = (
				B8C9370A1C8DD29F006C1C6F /* Main.storyboard */,
				B8C9370D1C8DD29F006C1C6F /* Assets.xcassets */,
				B8C9370F1C8DD29F006C1C6F /* LaunchScreen.storyboard */,
				B8C937341C8DD573006C1C6F /* heroes.plist */,
				B8C937121C8DD29F006C1C6F /* Info.plist */,
				B8C937021C8DD29F006C1C6F /* main.m */,
			);
			name = "Supporting Files";
			sourceTree = "<group>";
		};
		B8C9371A1C8DD29F006C1C6F /* 06-UITableView-单组数据Tests */ = {
			isa = PBXGroup;
			children = (
				B8C9371B1C8DD29F006C1C6F /* _6_UITableView_____Tests.m */,
				B8C9371D1C8DD29F006C1C6F /* Info.plist */,
			);
			path = "06-UITableView-单组数据Tests";
			sourceTree = "<group>";
		};
		B8C937251C8DD29F006C1C6F /* 06-UITableView-单组数据UITests */ = {
			isa = PBXGroup;
			children = (
				B8C937261C8DD29F006C1C6F /* _6_UITableView_____UITests.m */,
				B8C937281C8DD29F006C1C6F /* Info.plist */,
			);
			path = "06-UITableView-单组数据UITests";
			sourceTree = "<group>";
		};
/* End PBXGroup section */

/* Begin PBXNativeTarget section */
		B8C936FD1C8DD29F006C1C6F /* 06-UITableView-单组数据 */ = {
			isa = PBXNativeTarget;
			buildConfigurationList = B8C9372B1C8DD29F006C1C6F /* Build configuration list for PBXNativeTarget "06-UITableView-单组数据" */;
			buildPhases = (
				B8C936FA1C8DD29F006C1C6F /* Sources */,
				B8C936FB1C8DD29F006C1C6F /* Frameworks */,
				B8C936FC1C8DD29F006C1C6F /* Resources */,
			);
			buildRules = (
			);
			dependencies = (
			);
			name = "06-UITableView-单组数据";
			productName = "06-UITableView-单组数据";
			productReference = B8C936FE1C8DD29F006C1C6F /* 06-UITableView-单组数据.app */;
			productType = "com.apple.product-type.application";
		};
		B8C937161C8DD29F006C1C6F /* 06-UITableView-单组数据Tests */ = {
			isa = PBXNativeTarget;
			buildConfigurationList = B8C9372E1C8DD29F006C1C6F /* Build configuration list for PBXNativeTarget "06-UITableView-单组数据Tests" */;
			buildPhases = (
				B8C937131C8DD29F006C1C6F /* Sources */,
				B8C937141C8DD29F006C1C6F /* Frameworks */,
				B8C937151C8DD29F006C1C6F /* Resources */,
			);
			buildRules = (
			);
			dependencies = (
				B8C937191C8DD29F006C1C6F /* PBXTargetDependency */,
			);
			name = "06-UITableView-单组数据Tests";
			productName = "06-UITableView-单组数据Tests";
			productReference = B8C937171C8DD29F006C1C6F /* 06-UITableView-单组数据Tests.xctest */;
			productType = "com.apple.product-type.bundle.unit-test";
		};
		B8C937211C8DD29F006C1C6F /* 06-UITableView-单组数据UITests */ = {
			isa = PBXNativeTarget;
			buildConfigurationList = B8C937311C8DD29F006C1C6F /* Build configuration list for PBXNativeTarget "06-UITableView-单组数据UITests" */;
			buildPhases = (
				B8C9371E1C8DD29F006C1C6F /* Sources */,
				B8C9371F1C8DD29F006C1C6F /* Frameworks */,
				B8C937201C8DD29F006C1C6F /* Resources */,
			);
			buildRules = (
			);
			dependencies = (
				B8C937241C8DD29F006C1C6F /* PBXTargetDependency */,
			);
			name = "06-UITableView-单组数据UITests";
			productName = "06-UITableView-单组数据UITests";
			productReference = B8C937221C8DD29F006C1C6F /* 06-UITableView-单组数据UITests.xctest */;
			productType = "com.apple.product-type.bundle.ui-testing";
		};
/* End PBXNativeTarget section */

/* Begin PBXProject section */
		B8C936F61C8DD29F006C1C6F /* Project object */ = {
			isa = PBXProject;
			attributes = {
				CLASSPREFIX = YHP;
				LastUpgradeCheck = 0720;
				ORGANIZATIONNAME = YouHuaPei;
				TargetAttributes = {
					B8C936FD1C8DD29F006C1C6F = {
						CreatedOnToolsVersion = 7.2.1;
						DevelopmentTeam = U9A585N65C;
					};
					B8C937161C8DD29F006C1C6F = {
						CreatedOnToolsVersion = 7.2.1;
						DevelopmentTeam = U9A585N65C;
						TestTargetID = B8C936FD1C8DD29F006C1C6F;
					};
					B8C937211C8DD29F006C1C6F = {
						CreatedOnToolsVersion = 7.2.1;
						DevelopmentTeam = U9A585N65C;
						TestTargetID = B8C936FD1C8DD29F006C1C6F;
					};
				};
			};
			buildConfigurationList = B8C936F91C8DD29F006C1C6F /* Build configuration list for PBXProject "06-UITableView-单组数据" */;
			compatibilityVersion = "Xcode 6.3";
			developmentRegion = English;
			hasScannedForEncodings = 0;
			knownRegions = (
				en,
				Base,
			);
			mainGroup = B8C936F51C8DD29F006C1C6F;
			productRefGroup = B8C936FF1C8DD29F006C1C6F /* Products */;
			projectDirPath = "";
			projectRoot = "";
			targets = (
				B8C936FD1C8DD29F006C1C6F /* 06-UITableView-单组数据 */,
				B8C937161C8DD29F006C1C6F /* 06-UITableView-单组数据Tests */,
				B8C937211C8DD29F006C1C6F /* 06-UITableView-单组数据UITests */,
			);
		};
/* End PBXProject section */

/* Begin PBXResourcesBuildPhase section */
		B8C936FC1C8DD29F006C1C6F /* Resources */ = {
			isa = PBXResourcesBuildPhase;
			buildActionMask = 2147483647;
			files = (
				B8C937351C8DD573006C1C6F /* heroes.plist in Resources */,
				B8C937111C8DD29F006C1C6F /* LaunchScreen.storyboard in Resources */,
				B8C9370E1C8DD29F006C1C6F /* Assets.xcassets in Resources */,
				B8C9370C1C8DD29F006C1C6F /* Main.storyboard in Resources */,
			);
			runOnlyForDeploymentPostprocessing = 0;
		};
		B8C937151C8DD29F006C1C6F /* Resources */ = {
			isa = PBXResourcesBuildPhase;
			buildActionMask = 2147483647;
			files = (
			);
			runOnlyForDeploymentPostprocessing = 0;
		};
		B8C937201C8DD29F006C1C6F /* Resources */ = {
			isa = PBXResourcesBuildPhase;
			buildActionMask = 2147483647;
			files = (
			);
			runOnlyForDeploymentPostprocessing = 0;
		};
/* End PBXResourcesBuildPhase section */

/* Begin PBXSourcesBuildPhase section */
		B8C936FA1C8DD29F006C1C6F /* Sources */ = {
			isa = PBXSourcesBuildPhase;
			buildActionMask = 2147483647;
			files = (
				B8C937091C8DD29F006C1C6F /* ViewController.m in Sources */,
				B8C937061C8DD29F006C1C6F /* AppDelegate.m in Sources */,
				B8C937031C8DD29F006C1C6F /* main.m in Sources */,
				B8C937381C8DD58C006C1C6F /* YHPHero.m in Sources */,
			);
			runOnlyForDeploymentPostprocessing = 0;
		};
		B8C937131C8DD29F006C1C6F /* Sources */ = {
			isa = PBXSourcesBuildPhase;
			buildActionMask = 2147483647;
			files = (
				B8C9371C1C8DD29F006C1C6F /* _6_UITableView_____Tests.m in Sources */,
			);
			runOnlyForDeploymentPostprocessing = 0;
		};
		B8C9371E1C8DD29F006C1C6F /* Sources */ = {
			isa = PBXSourcesBuildPhase;
			buildActionMask = 2147483647;
			files = (
				B8C937271C8DD29F006C1C6F /* _6_UITableView_____UITests.m in Sources */,
			);
			runOnlyForDeploymentPostprocessing = 0;
		};
/* End PBXSourcesBuildPhase section */

/* Begin PBXTargetDependency section */
		B8C937191C8DD29F006C1C6F /* PBXTargetDependency */ = {
			isa = PBXTargetDependency;
			target = B8C936FD1C8DD29F006C1C6F /* 06-UITableView-单组数据 */;
			targetProxy = B8C937181C8DD29F006C1C6F /* PBXContainerItemProxy */;
		};
		B8C937241C8DD29F006C1C6F /* PBXTargetDependency */ = {
			isa = PBXTargetDependency;
			target = B8C936FD1C8DD29F006C1C6F /* 06-UITableView-单组数据 */;
			targetProxy = B8C937231C8DD29F006C1C6F /* PBXContainerItemProxy */;
		};
/* End PBXTargetDependency section */

/* Begin PBXVariantGroup section */
		B8C9370A1C8DD29F006C1C6F /* Main.storyboard */ = {
			isa = PBXVariantGroup;
			children = (
				B8C9370B1C8DD29F006C1C6F /* Base */,
			);
			name = Main.storyboard;
			sourceTree = "<group>";
		};
		B8C9370F1C8DD29F006C1C6F /* LaunchScreen.storyboard */ = {
			isa = PBXVariantGroup;
			children = (
				B8C937101C8DD29F006C1C6F /* Base */,
			);
			name = LaunchScreen.storyboard;
			sourceTree = "<group>";
		};
/* End PBXVariantGroup section */

/* Begin XCBuildConfiguration section */
		B8C937291C8DD29F006C1C6F /* Debug */ = {
			isa = XCBuildConfiguration;
			buildSettings = {
				ALWAYS_SEARCH_USER_PATHS = NO;
				CLANG_CXX_LANGUAGE_STANDARD = "gnu++0x";
				CLANG_CXX_LIBRARY = "libc++";
				CLANG_ENABLE_MODULES = YES;
				CLANG_ENABLE_OBJC_ARC = YES;
				CLANG_WARN_BOOL_CONVERSION = YES;
				CLANG_WARN_CONSTANT_CONVERSION = YES;
				CLANG_WARN_DIRECT_OBJC_ISA_USAGE = YES_ERROR;
				CLANG_WARN_EMPTY_BODY = YES;
				CLANG_WARN_ENUM_CONVERSION = YES;
				CLANG_WARN_INT_CONVERSION = YES;
				CLANG_WARN_OBJC_ROOT_CLASS = YES_ERROR;
				CLANG_WARN_UNREACHABLE_CODE = YES;
				CLANG_WARN__DUPLICATE_METHOD_MATCH = YES;
				"CODE_SIGN_IDENTITY[sdk=iphoneos*]" = "iPhone Developer";
				COPY_PHASE_STRIP = NO;
				DEBUG_INFORMATION_FORMAT = dwarf;
				ENABLE_STRICT_OBJC_MSGSEND = YES;
				ENABLE_TESTABILITY = YES;
				GCC_C_LANGUAGE_STANDARD = gnu99;
				GCC_DYNAMIC_NO_PIC = NO;
				GCC_NO_COMMON_BLOCKS = YES;
				GCC_OPTIMIZATION_LEVEL = 0;
				GCC_PREPROCESSOR_DEFINITIONS = (
					"DEBUG=1",
					"$(inherited)",
				);
				GCC_WARN_64_TO_32_BIT_CONVERSION = YES;
				GCC_WARN_ABOUT_RETURN_TYPE = YES_ERROR;
				GCC_WARN_UNDECLARED_SELECTOR = YES;
				GCC_WARN_UNINITIALIZED_AUTOS = YES_AGGRESSIVE;
				GCC_WARN_UNUSED_FUNCTION = YES;
				GCC_WARN_UNUSED_VARIABLE = YES;
				IPHONEOS_DEPLOYMENT_TARGET = 9.2;
				MTL_ENABLE_DEBUG_INFO = YES;
				ONLY_ACTIVE_ARCH = YES;
				SDKROOT = iphoneos;
				TARGETED_DEVICE_FAMILY = "1,2";
			};
			name = Debug;
		};
		B8C9372A1C8DD29F006C1C6F /* Release */ = {
			isa = XCBuildConfiguration;
			buildSettings = {
				ALWAYS_SEARCH_USER_PATHS = NO;
				CLANG_CXX_LANGUAGE_STANDARD = "gnu++0x";
				CLANG_CXX_LIBRARY = "libc++";
				CLANG_ENABLE_MODULES = YES;
				CLANG_ENABLE_OBJC_ARC = YES;
				CLANG_WARN_BOOL_CONVERSION = YES;
				CLANG_WARN_CONSTANT_CONVERSION = YES;
				CLANG_WARN_DIRECT_OBJC_ISA_USAGE = YES_ERROR;
				CLANG_WARN_EMPTY_BODY = YES;
				CLANG_WARN_ENUM_CONVERSION = YES;
				CLANG_WARN_INT_CONVERSION = YES;
				CLANG_WARN_OBJC_ROOT_CLASS = YES_ERROR;
				CLANG_WARN_UNREACHABLE_CODE = YES;
				CLANG_WARN__DUPLICATE_METHOD_MATCH = YES;
				"CODE_SIGN_IDENTITY[sdk=iphoneos*]" = "iPhone Developer";
				COPY_PHASE_STRIP = NO;
				DEBUG_INFORMATION_FORMAT = "dwarf-with-dsym";
				ENABLE_NS_ASSERTIONS = NO;
				ENABLE_STRICT_OBJC_MSGSEND = YES;
				GCC_C_LANGUAGE_STANDARD = gnu99;
				GCC_NO_COMMON_BLOCKS = YES;
				GCC_WARN_64_TO_32_BIT_CONVERSION = YES;
				GCC_WARN_ABOUT_RETURN_TYPE = YES_ERROR;
				GCC_WARN_UNDECLARED_SELECTOR = YES;
				GCC_WARN_UNINITIALIZED_AUTOS = YES_AGGRESSIVE;
				GCC_WARN_UNUSED_FUNCTION = YES;
				GCC_WARN_UNUSED_VARIABLE = YES;
				IPHONEOS_DEPLOYMENT_TARGET = 9.2;
				MTL_ENABLE_DEBUG_INFO = NO;
				SDKROOT = iphoneos;
				TARGETED_DEVICE_FAMILY = "1,2";
				VALIDATE_PRODUCT = YES;
			};
			name = Release;
		};
		B8C9372C1C8DD29F006C1C6F /* Debug */ = {
			isa = XCBuildConfiguration;
			buildSettings = {
				ASSETCATALOG_COMPILER_APPICON_NAME = AppIcon;
				INFOPLIST_FILE = "06-UITableView-单组数据/Info.plist";
				LD_RUNPATH_SEARCH_PATHS = "$(inherited) @executable_path/Frameworks";
				PRODUCT_BUNDLE_IDENTIFIER = "mark.-6-UITableView-----";
				PRODUCT_NAME = "$(TARGET_NAME)";
			};
			name = Debug;
		};
		B8C9372D1C8DD29F006C1C6F /* Release */ = {
			isa = XCBuildConfiguration;
			buildSettings = {
				ASSETCATALOG_COMPILER_APPICON_NAME = AppIcon;
				INFOPLIST_FILE = "06-UITableView-单组数据/Info.plist";
				LD_RUNPATH_SEARCH_PATHS = "$(inherited) @executable_path/Frameworks";
				PRODUCT_BUNDLE_IDENTIFIER = "mark.-6-UITableView-----";
				PRODUCT_NAME = "$(TARGET_NAME)";
			};
			name = Release;
		};
		B8C9372F1C8DD29F006C1C6F /* Debug */ = {
			isa = XCBuildConfiguration;
			buildSettings = {
				BUNDLE_LOADER = "$(TEST_HOST)";
				INFOPLIST_FILE = "06-UITableView-单组数据Tests/Info.plist";
				LD_RUNPATH_SEARCH_PATHS = "$(inherited) @executable_path/Frameworks @loader_path/Frameworks";
				PRODUCT_BUNDLE_IDENTIFIER = "mark.-6-UITableView-----Tests";
				PRODUCT_NAME = "$(TARGET_NAME)";
				TEST_HOST = "$(BUILT_PRODUCTS_DIR)/06-UITableView-单组数据.app/06-UITableView-单组数据";
			};
			name = Debug;
		};
		B8C937301C8DD29F006C1C6F /* Release */ = {
			isa = XCBuildConfiguration;
			buildSettings = {
				BUNDLE_LOADER = "$(TEST_HOST)";
				INFOPLIST_FILE = "06-UITableView-单组数据Tests/Info.plist";
				LD_RUNPATH_SEARCH_PATHS = "$(inherited) @executable_path/Frameworks @loader_path/Frameworks";
				PRODUCT_BUNDLE_IDENTIFIER = "mark.-6-UITableView-----Tests";
				PRODUCT_NAME = "$(TARGET_NAME)";
				TEST_HOST = "$(BUILT_PRODUCTS_DIR)/06-UITableView-单组数据.app/06-UITableView-单组数据";
			};
			name = Release;
		};
		B8C937321C8DD29F006C1C6F /* Debug */ = {
			isa = XCBuildConfiguration;
			buildSettings = {
				INFOPLIST_FILE = "06-UITableView-单组数据UITests/Info.plist";
				LD_RUNPATH_SEARCH_PATHS = "$(inherited) @executable_path/Frameworks @loader_path/Frameworks";
				PRODUCT_BUNDLE_IDENTIFIER = "mark.-6-UITableView-----UITests";
				PRODUCT_NAME = "$(TARGET_NAME)";
				TEST_TARGET_NAME = "06-UITableView-单组数据";
				USES_XCTRUNNER = YES;
			};
			name = Debug;
		};
		B8C937331C8DD29F006C1C6F /* Release */ = {
			isa = XCBuildConfiguration;
			buildSettings = {
				INFOPLIST_FILE = "06-UITableView-单组数据UITests/Info.plist";
				LD_RUNPATH_SEARCH_PATHS = "$(inherited) @executable_path/Frameworks @loader_path/Frameworks";
				PRODUCT_BUNDLE_IDENTIFIER = "mark.-6-UITableView-----UITests";
				PRODUCT_NAME = "$(TARGET_NAME)";
				TEST_TARGET_NAME = "06-UITableView-单组数据";
				USES_XCTRUNNER = YES;
			};
			name = Release;
		};
/* End XCBuildConfiguration section */

/* Begin XCConfigurationList section */
		B8C936F91C8DD29F006C1C6F /* Build configuration list for PBXProject "06-UITableView-单组数据" */ = {
			isa = XCConfigurationList;
			buildConfigurations = (
				B8C937291C8DD29F006C1C6F /* Debug */,
				B8C9372A1C8DD29F006C1C6F /* Release */,
			);
			defaultConfigurationIsVisible = 0;
			defaultConfigurationName = Release;
		};
		B8C9372B1C8DD29F006C1C6F /* Build configuration list for PBXNativeTarget "06-UITableView-单组数据" */ = {
			isa = XCConfigurationList;
			buildConfigurations = (
				B8C9372C1C8DD29F006C1C6F /* Debug */,
				B8C9372D1C8DD29F006C1C6F /* Release */,
			);
			defaultConfigurationIsVisible = 0;
		};
		B8C9372E1C8DD29F006C1C6F /* Build configuration list for PBXNativeTarget "06-UITableView-单组数据Tests" */ = {
			isa = XCConfigurationList;
			buildConfigurations = (
				B8C9372F1C8DD29F006C1C6F /* Debug */,
				B8C937301C8DD29F006C1C6F /* Release */,
			);
			defaultConfigurationIsVisible = 0;
		};
		B8C937311C8DD29F006C1C6F /* Build configuration list for PBXNativeTarget "06-UITableView-单组数据UITests" */ = {
			isa = XCConfigurationList;
			buildConfigurations = (
				B8C937321C8DD29F006C1C6F /* Debug */,
				B8C937331C8DD29F006C1C6F /* Release */,
			);
			defaultConfigurationIsVisible = 0;
		};
/* End XCConfigurationList section */
	};
	rootObject = B8C936F61C8DD29F006C1C6F /* Project object */;
}
