// !$*UTF8*$!
{
	archiveVersion = 1;
	classes = {
	};
	objectVersion = 46;
	objects = {

/* Begin PBXBuildFile section */
		B87CCC061C833E15005B4676 /* main.m in Sources */ = {isa = PBXBuildFile; fileRef = B87CCC051C833E15005B4676 /* main.m */; };
		B87CCC091C833E15005B4676 /* AppDelegate.m in Sources */ = {isa = PBXBuildFile; fileRef = B87CCC081C833E15005B4676 /* AppDelegate.m */; };
		B87CCC0C1C833E15005B4676 /* ViewController.m in Sources */ = {isa = PBXBuildFile; fileRef = B87CCC0B1C833E15005B4676 /* ViewController.m */; };
		B87CCC0F1C833E15005B4676 /* Main.storyboard in Resources */ = {isa = PBXBuildFile; fileRef = B87CCC0D1C833E15005B4676 /* Main.storyboard */; };
		B87CCC111C833E15005B4676 /* Assets.xcassets in Resources */ = {isa = PBXBuildFile; fileRef = B87CCC101C833E15005B4676 /* Assets.xcassets */; };
		B87CCC141C833E15005B4676 /* LaunchScreen.storyboard in Resources */ = {isa = PBXBuildFile; fileRef = B87CCC121C833E15005B4676 /* LaunchScreen.storyboard */; };
		B87CCC1F1C833E16005B4676 /* _4_scrollView____Tests.m in Sources */ = {isa = PBXBuildFile; fileRef = B87CCC1E1C833E16005B4676 /* _4_scrollView____Tests.m */; };
		B87CCC2A1C833E16005B4676 /* _4_scrollView____UITests.m in Sources */ = {isa = PBXBuildFile; fileRef = B87CCC291C833E16005B4676 /* _4_scrollView____UITests.m */; };
/* End PBXBuildFile section */

/* Begin PBXContainerItemProxy section */
		B87CCC1B1C833E16005B4676 /* PBXContainerItemProxy */ = {
			isa = PBXContainerItemProxy;
			containerPortal = B87CCBF91C833E15005B4676 /* Project object */;
			proxyType = 1;
			remoteGlobalIDString = B87CCC001C833E15005B4676;
			remoteInfo = "04-scrollView的滚动条";
		};
		B87CCC261C833E16005B4676 /* PBXContainerItemProxy */ = {
			isa = PBXContainerItemProxy;
			containerPortal = B87CCBF91C833E15005B4676 /* Project object */;
			proxyType = 1;
			remoteGlobalIDString = B87CCC001C833E15005B4676;
			remoteInfo = "04-scrollView的滚动条";
		};
/* End PBXContainerItemProxy section */

/* Begin PBXFileReference section */
		B87CCC011C833E15005B4676 /* 04-scrollView的滚动条.app */ = {isa = PBXFileReference; explicitFileType = wrapper.application; includeInIndex = 0; path = "04-scrollView的滚动条.app"; sourceTree = BUILT_PRODUCTS_DIR; };
		B87CCC051C833E15005B4676 /* main.m */ = {isa = PBXFileReference; lastKnownFileType = sourcecode.c.objc; path = main.m; sourceTree = "<group>"; };
		B87CCC071C833E15005B4676 /* AppDelegate.h */ = {isa = PBXFileReference; lastKnownFileType = sourcecode.c.h; path = AppDelegate.h; sourceTree = "<group>"; };
		B87CCC081C833E15005B4676 /* AppDelegate.m */ = {isa = PBXFileReference; lastKnownFileType = sourcecode.c.objc; path = AppDelegate.m; sourceTree = "<group>"; };
		B87CCC0A1C833E15005B4676 /* ViewController.h */ = {isa = PBXFileReference; lastKnownFileType = sourcecode.c.h; path = ViewController.h; sourceTree = "<group>"; };
		B87CCC0B1C833E15005B4676 /* ViewController.m */ = {isa = PBXFileReference; lastKnownFileType = sourcecode.c.objc; path = ViewController.m; sourceTree = "<group>"; };
		B87CCC0E1C833E15005B4676 /* Base */ = {isa = PBXFileReference; lastKnownFileType = file.storyboard; name = Base; path = Base.lproj/Main.storyboard; sourceTree = "<group>"; };
		B87CCC101C833E15005B4676 /* Assets.xcassets */ = {isa = PBXFileReference; lastKnownFileType = folder.assetcatalog; path = Assets.xcassets; sourceTree = "<group>"; };
		B87CCC131C833E15005B4676 /* Base */ = {isa = PBXFileReference; lastKnownFileType = file.storyboard; name = Base; path = Base.lproj/LaunchScreen.storyboard; sourceTree = "<group>"; };
		B87CCC151C833E15005B4676 /* Info.plist */ = {isa = PBXFileReference; lastKnownFileType = text.plist.xml; path = Info.plist; sourceTree = "<group>"; };
		B87CCC1A1C833E16005B4676 /* 04-scrollView的滚动条Tests.xctest */ = {isa = PBXFileReference; explicitFileType = wrapper.cfbundle; includeInIndex = 0; path = "04-scrollView的滚动条Tests.xctest"; sourceTree = BUILT_PRODUCTS_DIR; };
		B87CCC1E1C833E16005B4676 /* _4_scrollView____Tests.m */ = {isa = PBXFileReference; lastKnownFileType = sourcecode.c.objc; path = "_4_scrollView____Tests.m"; sourceTree = "<group>"; };
		B87CCC201C833E16005B4676 /* Info.plist */ = {isa = PBXFileReference; lastKnownFileType = text.plist.xml; path = Info.plist; sourceTree = "<group>"; };
		B87CCC251C833E16005B4676 /* 04-scrollView的滚动条UITests.xctest */ = {isa = PBXFileReference; explicitFileType = wrapper.cfbundle; includeInIndex = 0; path = "04-scrollView的滚动条UITests.xctest"; sourceTree = BUILT_PRODUCTS_DIR; };
		B87CCC291C833E16005B4676 /* _4_scrollView____UITests.m */ = {isa = PBXFileReference; lastKnownFileType = sourcecode.c.objc; path = "_4_scrollView____UITests.m"; sourceTree = "<group>"; };
		B87CCC2B1C833E16005B4676 /* Info.plist */ = {isa = PBXFileReference; lastKnownFileType = text.plist.xml; path = Info.plist; sourceTree = "<group>"; };
/* End PBXFileReference section */

/* Begin PBXFrameworksBuildPhase section */
		B87CCBFE1C833E15005B4676 /* Frameworks */ = {
			isa = PBXFrameworksBuildPhase;
			buildActionMask = 2147483647;
			files = (
			);
			runOnlyForDeploymentPostprocessing = 0;
		};
		B87CCC171C833E16005B4676 /* Frameworks */ = {
			isa = PBXFrameworksBuildPhase;
			buildActionMask = 2147483647;
			files = (
			);
			runOnlyForDeploymentPostprocessing = 0;
		};
		B87CCC221C833E16005B4676 /* Frameworks */ = {
			isa = PBXFrameworksBuildPhase;
			buildActionMask = 2147483647;
			files = (
			);
			runOnlyForDeploymentPostprocessing = 0;
		};
/* End PBXFrameworksBuildPhase section */

/* Begin PBXGroup section */
		B87CCBF81C833E15005B4676 = {
			isa = PBXGroup;
			children = (
				B87CCC031C833E15005B4676 /* 04-scrollView的滚动条 */,
				B87CCC1D1C833E16005B4676 /* 04-scrollView的滚动条Tests */,
				B87CCC281C833E16005B4676 /* 04-scrollView的滚动条UITests */,
				B87CCC021C833E15005B4676 /* Products */,
			);
			sourceTree = "<group>";
		};
		B87CCC021C833E15005B4676 /* Products */ = {
			isa = PBXGroup;
			children = (
				B87CCC011C833E15005B4676 /* 04-scrollView的滚动条.app */,
				B87CCC1A1C833E16005B4676 /* 04-scrollView的滚动条Tests.xctest */,
				B87CCC251C833E16005B4676 /* 04-scrollView的滚动条UITests.xctest */,
			);
			name = Products;
			sourceTree = "<group>";
		};
		B87CCC031C833E15005B4676 /* 04-scrollView的滚动条 */ = {
			isa = PBXGroup;
			children = (
				B87CCC071C833E15005B4676 /* AppDelegate.h */,
				B87CCC081C833E15005B4676 /* AppDelegate.m */,
				B87CCC0A1C833E15005B4676 /* ViewController.h */,
				B87CCC0B1C833E15005B4676 /* ViewController.m */,
				B87CCC0D1C833E15005B4676 /* Main.storyboard */,
				B87CCC101C833E15005B4676 /* Assets.xcassets */,
				B87CCC121C833E15005B4676 /* LaunchScreen.storyboard */,
				B87CCC151C833E15005B4676 /* Info.plist */,
				B87CCC041C833E15005B4676 /* Supporting Files */,
			);
			path = "04-scrollView的滚动条";
			sourceTree = "<group>";
		};
		B87CCC041C833E15005B4676 /* Supporting Files */ = {
			isa = PBXGroup;
			children = (
				B87CCC051C833E15005B4676 /* main.m */,
			);
			name = "Supporting Files";
			sourceTree = "<group>";
		};
		B87CCC1D1C833E16005B4676 /* 04-scrollView的滚动条Tests */ = {
			isa = PBXGroup;
			children = (
				B87CCC1E1C833E16005B4676 /* _4_scrollView____Tests.m */,
				B87CCC201C833E16005B4676 /* Info.plist */,
			);
			path = "04-scrollView的滚动条Tests";
			sourceTree = "<group>";
		};
		B87CCC281C833E16005B4676 /* 04-scrollView的滚动条UITests */ = {
			isa = PBXGroup;
			children = (
				B87CCC291C833E16005B4676 /* _4_scrollView____UITests.m */,
				B87CCC2B1C833E16005B4676 /* Info.plist */,
			);
			path = "04-scrollView的滚动条UITests";
			sourceTree = "<group>";
		};
/* End PBXGroup section */

/* Begin PBXNativeTarget section */
		B87CCC001C833E15005B4676 /* 04-scrollView的滚动条 */ = {
			isa = PBXNativeTarget;
			buildConfigurationList = B87CCC2E1C833E16005B4676 /* Build configuration list for PBXNativeTarget "04-scrollView的滚动条" */;
			buildPhases = (
				B87CCBFD1C833E15005B4676 /* Sources */,
				B87CCBFE1C833E15005B4676 /* Frameworks */,
				B87CCBFF1C833E15005B4676 /* Resources */,
			);
			buildRules = (
			);
			dependencies = (
			);
			name = "04-scrollView的滚动条";
			productName = "04-scrollView的滚动条";
			productReference = B87CCC011C833E15005B4676 /* 04-scrollView的滚动条.app */;
			productType = "com.apple.product-type.application";
		};
		B87CCC191C833E16005B4676 /* 04-scrollView的滚动条Tests */ = {
			isa = PBXNativeTarget;
			buildConfigurationList = B87CCC311C833E16005B4676 /* Build configuration list for PBXNativeTarget "04-scrollView的滚动条Tests" */;
			buildPhases = (
				B87CCC161C833E16005B4676 /* Sources */,
				B87CCC171C833E16005B4676 /* Frameworks */,
				B87CCC181C833E16005B4676 /* Resources */,
			);
			buildRules = (
			);
			dependencies = (
				B87CCC1C1C833E16005B4676 /* PBXTargetDependency */,
			);
			name = "04-scrollView的滚动条Tests";
			productName = "04-scrollView的滚动条Tests";
			productReference = B87CCC1A1C833E16005B4676 /* 04-scrollView的滚动条Tests.xctest */;
			productType = "com.apple.product-type.bundle.unit-test";
		};
		B87CCC241C833E16005B4676 /* 04-scrollView的滚动条UITests */ = {
			isa = PBXNativeTarget;
			buildConfigurationList = B87CCC341C833E16005B4676 /* Build configuration list for PBXNativeTarget "04-scrollView的滚动条UITests" */;
			buildPhases = (
				B87CCC211C833E16005B4676 /* Sources */,
				B87CCC221C833E16005B4676 /* Frameworks */,
				B87CCC231C833E16005B4676 /* Resources */,
			);
			buildRules = (
			);
			dependencies = (
				B87CCC271C833E16005B4676 /* PBXTargetDependency */,
			);
			name = "04-scrollView的滚动条UITests";
			productName = "04-scrollView的滚动条UITests";
			productReference = B87CCC251C833E16005B4676 /* 04-scrollView的滚动条UITests.xctest */;
			productType = "com.apple.product-type.bundle.ui-testing";
		};
/* End PBXNativeTarget section */

/* Begin PBXProject section */
		B87CCBF91C833E15005B4676 /* Project object */ = {
			isa = PBXProject;
			attributes = {
				LastUpgradeCheck = 0720;
				ORGANIZATIONNAME = YouHuaPei;
				TargetAttributes = {
					B87CCC001C833E15005B4676 = {
						CreatedOnToolsVersion = 7.2.1;
						DevelopmentTeam = U9A585N65C;
					};
					B87CCC191C833E16005B4676 = {
						CreatedOnToolsVersion = 7.2.1;
						DevelopmentTeam = U9A585N65C;
						TestTargetID = B87CCC001C833E15005B4676;
					};
					B87CCC241C833E16005B4676 = {
						CreatedOnToolsVersion = 7.2.1;
						DevelopmentTeam = U9A585N65C;
						TestTargetID = B87CCC001C833E15005B4676;
					};
				};
			};
			buildConfigurationList = B87CCBFC1C833E15005B4676 /* Build configuration list for PBXProject "04-scrollView的滚动条" */;
			compatibilityVersion = "Xcode 3.2";
			developmentRegion = English;
			hasScannedForEncodings = 0;
			knownRegions = (
				en,
				Base,
			);
			mainGroup = B87CCBF81C833E15005B4676;
			productRefGroup = B87CCC021C833E15005B4676 /* Products */;
			projectDirPath = "";
			projectRoot = "";
			targets = (
				B87CCC001C833E15005B4676 /* 04-scrollView的滚动条 */,
				B87CCC191C833E16005B4676 /* 04-scrollView的滚动条Tests */,
				B87CCC241C833E16005B4676 /* 04-scrollView的滚动条UITests */,
			);
		};
/* End PBXProject section */

/* Begin PBXResourcesBuildPhase section */
		B87CCBFF1C833E15005B4676 /* Resources */ = {
			isa = PBXResourcesBuildPhase;
			buildActionMask = 2147483647;
			files = (
				B87CCC141C833E15005B4676 /* LaunchScreen.storyboard in Resources */,
				B87CCC111C833E15005B4676 /* Assets.xcassets in Resources */,
				B87CCC0F1C833E15005B4676 /* Main.storyboard in Resources */,
			);
			runOnlyForDeploymentPostprocessing = 0;
		};
		B87CCC181C833E16005B4676 /* Resources */ = {
			isa = PBXResourcesBuildPhase;
			buildActionMask = 2147483647;
			files = (
			);
			runOnlyForDeploymentPostprocessing = 0;
		};
		B87CCC231C833E16005B4676 /* Resources */ = {
			isa = PBXResourcesBuildPhase;
			buildActionMask = 2147483647;
			files = (
			);
			runOnlyForDeploymentPostprocessing = 0;
		};
/* End PBXResourcesBuildPhase section */

/* Begin PBXSourcesBuildPhase section */
		B87CCBFD1C833E15005B4676 /* Sources */ = {
			isa = PBXSourcesBuildPhase;
			buildActionMask = 2147483647;
			files = (
				B87CCC0C1C833E15005B4676 /* ViewController.m in Sources */,
				B87CCC091C833E15005B4676 /* AppDelegate.m in Sources */,
				B87CCC061C833E15005B4676 /* main.m in Sources */,
			);
			runOnlyForDeploymentPostprocessing = 0;
		};
		B87CCC161C833E16005B4676 /* Sources */ = {
			isa = PBXSourcesBuildPhase;
			buildActionMask = 2147483647;
			files = (
				B87CCC1F1C833E16005B4676 /* _4_scrollView____Tests.m in Sources */,
			);
			runOnlyForDeploymentPostprocessing = 0;
		};
		B87CCC211C833E16005B4676 /* Sources */ = {
			isa = PBXSourcesBuildPhase;
			buildActionMask = 2147483647;
			files = (
				B87CCC2A1C833E16005B4676 /* _4_scrollView____UITests.m in Sources */,
			);
			runOnlyForDeploymentPostprocessing = 0;
		};
/* End PBXSourcesBuildPhase section */

/* Begin PBXTargetDependency section */
		B87CCC1C1C833E16005B4676 /* PBXTargetDependency */ = {
			isa = PBXTargetDependency;
			target = B87CCC001C833E15005B4676 /* 04-scrollView的滚动条 */;
			targetProxy = B87CCC1B1C833E16005B4676 /* PBXContainerItemProxy */;
		};
		B87CCC271C833E16005B4676 /* PBXTargetDependency */ = {
			isa = PBXTargetDependency;
			target = B87CCC001C833E15005B4676 /* 04-scrollView的滚动条 */;
			targetProxy = B87CCC261C833E16005B4676 /* PBXContainerItemProxy */;
		};
/* End PBXTargetDependency section */

/* Begin PBXVariantGroup section */
		B87CCC0D1C833E15005B4676 /* Main.storyboard */ = {
			isa = PBXVariantGroup;
			children = (
				B87CCC0E1C833E15005B4676 /* Base */,
			);
			name = Main.storyboard;
			sourceTree = "<group>";
		};
		B87CCC121C833E15005B4676 /* LaunchScreen.storyboard */ = {
			isa = PBXVariantGroup;
			children = (
				B87CCC131C833E15005B4676 /* Base */,
			);
			name = LaunchScreen.storyboard;
			sourceTree = "<group>";
		};
/* End PBXVariantGroup section */

/* Begin XCBuildConfiguration section */
		B87CCC2C1C833E16005B4676 /* Debug */ = {
			isa = XCBuildConfiguration;
			buildSettings = {
				ALWAYS_SEARCH_USER_PATHS = NO;
				CLANG_CXX_LANGUAGE_STANDARD = "gnu++0x";
				CLANG_CXX_LIBRARY = "libc++";
				CLANG_ENABLE_MODULES = YES;
				CLANG_ENABLE_OBJC_ARC = YES;
				CLANG_WARN_BOOL_CONVERSION = YES;
				CLANG_WARN_CONSTANT_CONVERSION = YES;
				CLANG_WARN_DIRECT_OBJC_ISA_USAGE = YES_ERROR;
				CLANG_WARN_EMPTY_BODY = YES;
				CLANG_WARN_ENUM_CONVERSION = YES;
				CLANG_WARN_INT_CONVERSION = YES;
				CLANG_WARN_OBJC_ROOT_CLASS = YES_ERROR;
				CLANG_WARN_UNREACHABLE_CODE = YES;
				CLANG_WARN__DUPLICATE_METHOD_MATCH = YES;
				"CODE_SIGN_IDENTITY[sdk=iphoneos*]" = "iPhone Developer";
				COPY_PHASE_STRIP = NO;
				DEBUG_INFORMATION_FORMAT = dwarf;
				ENABLE_STRICT_OBJC_MSGSEND = YES;
				ENABLE_TESTABILITY = YES;
				GCC_C_LANGUAGE_STANDARD = gnu99;
				GCC_DYNAMIC_NO_PIC = NO;
				GCC_NO_COMMON_BLOCKS = YES;
				GCC_OPTIMIZATION_LEVEL = 0;
				GCC_PREPROCESSOR_DEFINITIONS = (
					"DEBUG=1",
					"$(inherited)",
				);
				GCC_WARN_64_TO_32_BIT_CONVERSION = YES;
				GCC_WARN_ABOUT_RETURN_TYPE = YES_ERROR;
				GCC_WARN_UNDECLARED_SELECTOR = YES;
				GCC_WARN_UNINITIALIZED_AUTOS = YES_AGGRESSIVE;
				GCC_WARN_UNUSED_FUNCTION = YES;
				GCC_WARN_UNUSED_VARIABLE = YES;
				IPHONEOS_DEPLOYMENT_TARGET = 9.2;
				MTL_ENABLE_DEBUG_INFO = YES;
				ONLY_ACTIVE_ARCH = YES;
				SDKROOT = iphoneos;
				TARGETED_DEVICE_FAMILY = "1,2";
			};
			name = Debug;
		};
		B87CCC2D1C833E16005B4676 /* Release */ = {
			isa = XCBuildConfiguration;
			buildSettings = {
				ALWAYS_SEARCH_USER_PATHS = NO;
				CLANG_CXX_LANGUAGE_STANDARD = "gnu++0x";
				CLANG_CXX_LIBRARY = "libc++";
				CLANG_ENABLE_MODULES = YES;
				CLANG_ENABLE_OBJC_ARC = YES;
				CLANG_WARN_BOOL_CONVERSION = YES;
				CLANG_WARN_CONSTANT_CONVERSION = YES;
				CLANG_WARN_DIRECT_OBJC_ISA_USAGE = YES_ERROR;
				CLANG_WARN_EMPTY_BODY = YES;
				CLANG_WARN_ENUM_CONVERSION = YES;
				CLANG_WARN_INT_CONVERSION = YES;
				CLANG_WARN_OBJC_ROOT_CLASS = YES_ERROR;
				CLANG_WARN_UNREACHABLE_CODE = YES;
				CLANG_WARN__DUPLICATE_METHOD_MATCH = YES;
				"CODE_SIGN_IDENTITY[sdk=iphoneos*]" = "iPhone Developer";
				COPY_PHASE_STRIP = NO;
				DEBUG_INFORMATION_FORMAT = "dwarf-with-dsym";
				ENABLE_NS_ASSERTIONS = NO;
				ENABLE_STRICT_OBJC_MSGSEND = YES;
				GCC_C_LANGUAGE_STANDARD = gnu99;
				GCC_NO_COMMON_BLOCKS = YES;
				GCC_WARN_64_TO_32_BIT_CONVERSION = YES;
				GCC_WARN_ABOUT_RETURN_TYPE = YES_ERROR;
				GCC_WARN_UNDECLARED_SELECTOR = YES;
				GCC_WARN_UNINITIALIZED_AUTOS = YES_AGGRESSIVE;
				GCC_WARN_UNUSED_FUNCTION = YES;
				GCC_WARN_UNUSED_VARIABLE = YES;
				IPHONEOS_DEPLOYMENT_TARGET = 9.2;
				MTL_ENABLE_DEBUG_INFO = NO;
				SDKROOT = iphoneos;
				TARGETED_DEVICE_FAMILY = "1,2";
				VALIDATE_PRODUCT = YES;
			};
			name = Release;
		};
		B87CCC2F1C833E16005B4676 /* Debug */ = {
			isa = XCBuildConfiguration;
			buildSettings = {
				ASSETCATALOG_COMPILER_APPICON_NAME = AppIcon;
				INFOPLIST_FILE = "04-scrollView的滚动条/Info.plist";
				LD_RUNPATH_SEARCH_PATHS = "$(inherited) @executable_path/Frameworks";
				PRODUCT_BUNDLE_IDENTIFIER = "mark.-4-scrollView----";
				PRODUCT_NAME = "$(TARGET_NAME)";
			};
			name = Debug;
		};
		B87CCC301C833E16005B4676 /* Release */ = {
			isa = XCBuildConfiguration;
			buildSettings = {
				ASSETCATALOG_COMPILER_APPICON_NAME = AppIcon;
				INFOPLIST_FILE = "04-scrollView的滚动条/Info.plist";
				LD_RUNPATH_SEARCH_PATHS = "$(inherited) @executable_path/Frameworks";
				PRODUCT_BUNDLE_IDENTIFIER = "mark.-4-scrollView----";
				PRODUCT_NAME = "$(TARGET_NAME)";
			};
			name = Release;
		};
		B87CCC321C833E16005B4676 /* Debug */ = {
			isa = XCBuildConfiguration;
			buildSettings = {
				BUNDLE_LOADER = "$(TEST_HOST)";
				INFOPLIST_FILE = "04-scrollView的滚动条Tests/Info.plist";
				LD_RUNPATH_SEARCH_PATHS = "$(inherited) @executable_path/Frameworks @loader_path/Frameworks";
				PRODUCT_BUNDLE_IDENTIFIER = "mark.-4-scrollView----Tests";
				PRODUCT_NAME = "$(TARGET_NAME)";
				TEST_HOST = "$(BUILT_PRODUCTS_DIR)/04-scrollView的滚动条.app/04-scrollView的滚动条";
			};
			name = Debug;
		};
		B87CCC331C833E16005B4676 /* Release */ = {
			isa = XCBuildConfiguration;
			buildSettings = {
				BUNDLE_LOADER = "$(TEST_HOST)";
				INFOPLIST_FILE = "04-scrollView的滚动条Tests/Info.plist";
				LD_RUNPATH_SEARCH_PATHS = "$(inherited) @executable_path/Frameworks @loader_path/Frameworks";
				PRODUCT_BUNDLE_IDENTIFIER = "mark.-4-scrollView----Tests";
				PRODUCT_NAME = "$(TARGET_NAME)";
				TEST_HOST = "$(BUILT_PRODUCTS_DIR)/04-scrollView的滚动条.app/04-scrollView的滚动条";
			};
			name = Release;
		};
		B87CCC351C833E16005B4676 /* Debug */ = {
			isa = XCBuildConfiguration;
			buildSettings = {
				INFOPLIST_FILE = "04-scrollView的滚动条UITests/Info.plist";
				LD_RUNPATH_SEARCH_PATHS = "$(inherited) @executable_path/Frameworks @loader_path/Frameworks";
				PRODUCT_BUNDLE_IDENTIFIER = "mark.-4-scrollView----UITests";
				PRODUCT_NAME = "$(TARGET_NAME)";
				TEST_TARGET_NAME = "04-scrollView的滚动条";
				USES_XCTRUNNER = YES;
			};
			name = Debug;
		};
		B87CCC361C833E16005B4676 /* Release */ = {
			isa = XCBuildConfiguration;
			buildSettings = {
				INFOPLIST_FILE = "04-scrollView的滚动条UITests/Info.plist";
				LD_RUNPATH_SEARCH_PATHS = "$(inherited) @executable_path/Frameworks @loader_path/Frameworks";
				PRODUCT_BUNDLE_IDENTIFIER = "mark.-4-scrollView----UITests";
				PRODUCT_NAME = "$(TARGET_NAME)";
				TEST_TARGET_NAME = "04-scrollView的滚动条";
				USES_XCTRUNNER = YES;
			};
			name = Release;
		};
/* End XCBuildConfiguration section */

/* Begin XCConfigurationList section */
		B87CCBFC1C833E15005B4676 /* Build configuration list for PBXProject "04-scrollView的滚动条" */ = {
			isa = XCConfigurationList;
			buildConfigurations = (
				B87CCC2C1C833E16005B4676 /* Debug */,
				B87CCC2D1C833E16005B4676 /* Release */,
			);
			defaultConfigurationIsVisible = 0;
			defaultConfigurationName = Release;
		};
		B87CCC2E1C833E16005B4676 /* Build configuration list for PBXNativeTarget "04-scrollView的滚动条" */ = {
			isa = XCConfigurationList;
			buildConfigurations = (
				B87CCC2F1C833E16005B4676 /* Debug */,
				B87CCC301C833E16005B4676 /* Release */,
			);
			defaultConfigurationIsVisible = 0;
		};
		B87CCC311C833E16005B4676 /* Build configuration list for PBXNativeTarget "04-scrollView的滚动条Tests" */ = {
			isa = XCConfigurationList;
			buildConfigurations = (
				B87CCC321C833E16005B4676 /* Debug */,
				B87CCC331C833E16005B4676 /* Release */,
			);
			defaultConfigurationIsVisible = 0;
		};
		B87CCC341C833E16005B4676 /* Build configuration list for PBXNativeTarget "04-scrollView的滚动条UITests" */ = {
			isa = XCConfigurationList;
			buildConfigurations = (
				B87CCC351C833E16005B4676 /* Debug */,
				B87CCC361C833E16005B4676 /* Release */,
			);
			defaultConfigurationIsVisible = 0;
		};
/* End XCConfigurationList section */
	};
	rootObject = B87CCBF91C833E15005B4676 /* Project object */;
}
